<?xml version="1.0" encoding="utf-8"?>
<Project ToolsVersion="4.0" xmlns="http://schemas.microsoft.com/developer/msbuild/2003">
  <ItemGroup>
    <Filter Include="Source Files">
      <UniqueIdentifier>{4FC737F1-C7A5-4376-A066-2A32D752A2FF}</UniqueIdentifier>
      <Extensions>cpp;c;cc;cxx;def;odl;idl;hpj;bat;asm;asmx</Extensions>
    </Filter>
    <Filter Include="Header Files">
      <UniqueIdentifier>{93995380-89BD-4b04-88EB-625FBE52EBFB}</UniqueIdentifier>
      <Extensions>h;hh;hpp;hxx;hm;inl;inc;xsd</Extensions>
    </Filter>
    <Filter Include="Resource Files">
      <UniqueIdentifier>{67DA6AB6-F800-4c08-8B7A-83BB121AAD01}</UniqueIdentifier>
      <Extensions>rc;ico;cur;bmp;dlg;rc2;rct;bin;rgs;gif;jpg;jpeg;jpe;resx;tiff;tif;png;wav;mfcribbon-ms</Extensions>
    </Filter>
  </ItemGroup>
  <ItemGroup>
    <ClInclude Include="include\actor.h">
      <Filter>Header Files</Filter>
    </ClInclude>
    <ClInclude Include="include\component.h">
      <Filter>Header Files</Filter>
    </ClInclude>
    <ClInclude Include="include\component_list.h">
      <Filter>Header Files</Filter>
    </ClInclude>
    <ClInclude Include="include\condition.h">
      <Filter>Header Files</Filter>
    </ClInclude>
    <ClInclude Include="include\condition_list.h">
      <Filter>Header Files</Filter>
    </ClInclude>
    <ClInclude Include="include\criteria.h">
      <Filter>Header Files</Filter>
    </ClInclude>
    <ClInclude Include="include\criteria_list.h">
      <Filter>Header Files</Filter>
    </ClInclude>
    <ClInclude Include="include\flow.h">
      <Filter>Header Files</Filter>
    </ClInclude>
    <ClInclude Include="include\flow_action.h">
      <Filter>Header Files</Filter>
    </ClInclude>
    <ClInclude Include="include\flow_action_list.h">
      <Filter>Header Files</Filter>
    </ClInclude>
    <ClInclude Include="include\flow_condition.h">
      <Filter>Header Files</Filter>
    </ClInclude>
    <ClInclude Include="include\functional_requirement.h">
      <Filter>Header Files</Filter>
    </ClInclude>
    <ClInclude Include="include\non_functional_requirement.h">
      <Filter>Header Files</Filter>
    </ClInclude>
    <ClInclude Include="include\requirement.h">
      <Filter>Header Files</Filter>
    </ClInclude>
    <ClInclude Include="include\status.h">
      <Filter>Header Files</Filter>
    </ClInclude>
    <ClInclude Include="include\system.h">
      <Filter>Header Files</Filter>
    </ClInclude>
    <ClInclude Include="include\system_list.h">
      <Filter>Header Files</Filter>
    </ClInclude>
    <ClInclude Include="include\use_case.h">
      <Filter>Header Files</Filter>
    </ClInclude>
    <ClInclude Include="include\use_case_list.h">
      <Filter>Header Files</Filter>
    </ClInclude>
  </ItemGroup>
  <ItemGroup>
    <ClCompile Include="component.cpp">
      <Filter>Source Files</Filter>
    </ClCompile>
    <ClCompile Include="main.cpp">
      <Filter>Source Files</Filter>
    </ClCompile>
    <ClCompile Include="component_list.cpp">
      <Filter>Source Files</Filter>
    </ClCompile>
    <ClCompile Include="condition_list.cpp">
      <Filter>Source Files</Filter>
    </ClCompile>
    <ClCompile Include="criteria.cpp">
      <Filter>Source Files</Filter>
    </ClCompile>
    <ClCompile Include="criteria_list.cpp">
      <Filter>Source Files</Filter>
    </ClCompile>
    <ClCompile Include="flow_action.cpp">
      <Filter>Source Files</Filter>
    </ClCompile>
    <ClCompile Include="flow_action_list.cpp">
      <Filter>Source Files</Filter>
    </ClCompile>
    <ClCompile Include="flow_condition.cpp">
      <Filter>Source Files</Filter>
    </ClCompile>
    <ClCompile Include="functional_requirement.cpp">
      <Filter>Source Files</Filter>
    </ClCompile>
    <ClCompile Include="non_functional_requirement.cpp">
      <Filter>Source Files</Filter>
    </ClCompile>
    <ClCompile Include="requirement.cpp">
      <Filter>Source Files</Filter>
    </ClCompile>
    <ClCompile Include="system.cpp">
      <Filter>Source Files</Filter>
    </ClCompile>
    <ClCompile Include="system_list.cpp">
      <Filter>Source Files</Filter>
    </ClCompile>
    <ClCompile Include="use_case.cpp">
      <Filter>Source Files</Filter>
    </ClCompile>
    <ClCompile Include="use_case_list.cpp">
      <Filter>Source Files</Filter>
    </ClCompile>
  </ItemGroup>
</Project>